# This file is autogenerated, do not edit; changes may be undone by the next 'dep ensure'.


[[projects]]
  branch = "master"
  digest = "1:7bbfeef88a6cc7d65a6a009ba696e980dcf84ed31a7dd6da7e0c6c2ff544df92"
  name = "github.com/common-nighthawk/go-figure"
  packages = ["."]
  pruneopts = "UT"
  revision = "18b2b544842cab16f3ff418fb5290d8f2896a069"

[solve-meta]
  analyzer-name = "dep"
  analyzer-version = 1
  input-imports = ["github.com/common-nighthawk/go-figure"]
  solver-name = "gps-cdcl"
  solver-version = 1
